
Microsoft Visual Studio Solution File, Format Version 12.00
# Visual Studio 15
VisualStudioVersion = 15.0.27703.1
MinimumVisualStudioVersion = 10.0.40219.1
Project("{FAE04EC0-301F-11D3-BF4B-00C04F79EFBC}") = "EFTest", "EFTest\EFTest.csproj", "{708A2063-9797-4C72-B445-FF94B053EAE3}"
EndProject
Global
	GlobalSection(SolutionConfigurationPlatforms) = preSolution
		Debug|Any CPU = Debug|Any CPU
		Release|Any CPU = Release|Any CPU
	EndGlobalSection
	GlobalSection(ProjectConfigurationPlatforms) = postSolution
		{708A2063-9797-4C72-B445-FF94B053EAE3}.Debug|Any CPU.ActiveCfg = Debug|Any CPU
		{708A2063-9797-4C72-B445-FF94B053EAE3}.Debug|Any CPU.Build.0 = Debug|Any CPU
		{708A2063-9797-4C72-B445-FF94B053EAE3}.Release|Any CPU.ActiveCfg = Release|Any CPU
		{708A2063-9797-4C72-B445-FF94B053EAE3}.Release|Any CPU.Build.0 = Release|Any CPU
	EndGlobalSection
	GlobalSection(SolutionProperties) = preSolution
		HideSolutionNode = FALSE
	EndGlobalSection
	GlobalSection(ExtensibilityGlobals) = postSolution
		SolutionGuid = {6669980B-5186-4649-A116-A0F38D822169}
	EndGlobalSection
EndGlobal
